
Microsoft Visual Studio Solution File, Format Version 12.00
# Visual Studio 15
VisualStudioVersion = 15.0.26730.12
MinimumVisualStudioVersion = 10.0.40219.1
Project("{FAE04EC0-301F-11D3-BF4B-00C04F79EFBC}") = "ConsoleAppZoekenInEenArray", "ConsoleAppZoekenInEenArray\ConsoleAppZoekenInEenArray.csproj", "{40DA7F52-B77E-4E86-9E58-6FDC79998D92}"
EndProject
Global
	GlobalSection(SolutionConfigurationPlatforms) = preSolution
		Debug|Any CPU = Debug|Any CPU
		Release|Any CPU = Release|Any CPU
	EndGlobalSection
	GlobalSection(ProjectConfigurationPlatforms) = postSolution
		{40DA7F52-B77E-4E86-9E58-6FDC79998D92}.Debug|Any CPU.ActiveCfg = Debug|Any CPU
		{40DA7F52-B77E-4E86-9E58-6FDC79998D92}.Debug|Any CPU.Build.0 = Debug|Any CPU
		{40DA7F52-B77E-4E86-9E58-6FDC79998D92}.Release|Any CPU.ActiveCfg = Release|Any CPU
		{40DA7F52-B77E-4E86-9E58-6FDC79998D92}.Release|Any CPU.Build.0 = Release|Any CPU
	EndGlobalSection
	GlobalSection(SolutionProperties) = preSolution
		HideSolutionNode = FALSE
	EndGlobalSection
	GlobalSection(ExtensibilityGlobals) = postSolution
		SolutionGuid = {C581AE9B-0E51-41A4-A2F1-1EDB3EEDC4BB}
	EndGlobalSection
EndGlobal
